
Microsoft Visual Studio Solution File, Format Version 12.00
# Visual Studio Version 16
VisualStudioVersion = 16.0.31105.61
MinimumVisualStudioVersion = 10.0.40219.1
Project("{FAE04EC0-301F-11D3-BF4B-00C04F79EFBC}") = "MAS_semestral_project_MVS", "MAS_semestral_project_MVS\MAS_semestral_project_MVS.csproj", "{DA72F02F-D2AC-4A4D-A087-436999D7EC70}"
EndProject
Global
	GlobalSection(SolutionConfigurationPlatforms) = preSolution
		Debug|Any CPU = Debug|Any CPU
		Release|Any CPU = Release|Any CPU
	EndGlobalSection
	GlobalSection(ProjectConfigurationPlatforms) = postSolution
		{DA72F02F-D2AC-4A4D-A087-436999D7EC70}.Debug|Any CPU.ActiveCfg = Debug|Any CPU
		{DA72F02F-D2AC-4A4D-A087-436999D7EC70}.Debug|Any CPU.Build.0 = Debug|Any CPU
		{DA72F02F-D2AC-4A4D-A087-436999D7EC70}.Release|Any CPU.ActiveCfg = Release|Any CPU
		{DA72F02F-D2AC-4A4D-A087-436999D7EC70}.Release|Any CPU.Build.0 = Release|Any CPU
	EndGlobalSection
	GlobalSection(SolutionProperties) = preSolution
		HideSolutionNode = FALSE
	EndGlobalSection
	GlobalSection(ExtensibilityGlobals) = postSolution
		SolutionGuid = {AF39D6EB-ECF8-4590-8817-CB0E0F4035CD}
	EndGlobalSection
EndGlobal
